
Microsoft Visual Studio Solution File, Format Version 12.00
# Visual Studio Version 16
VisualStudioVersion = 16.0.33214.272
MinimumVisualStudioVersion = 10.0.40219.1
Project("{FAE04EC0-301F-11D3-BF4B-00C04F79EFBC}") = "DataAccess", "DataAccess\DataAccess.csproj", "{B6E7D6D2-6871-43B4-BD42-B954861EB034}"
EndProject
Project("{FAE04EC0-301F-11D3-BF4B-00C04F79EFBC}") = "Entities", "Entities\Entities.csproj", "{3A77D641-9F3F-4782-BDA0-B5D9DC9D1C48}"
EndProject
Project("{FAE04EC0-301F-11D3-BF4B-00C04F79EFBC}") = "Business", "Business\Business.csproj", "{58C6D991-F497-45D1-B832-56F55BAAB43E}"
EndProject
Project("{FAE04EC0-301F-11D3-BF4B-00C04F79EFBC}") = "ConsoleUI", "ConsoleUI\ConsoleUI.csproj", "{9C07E694-486F-4DD8-BDF3-267E8105BDA4}"
EndProject
Global
	GlobalSection(SolutionConfigurationPlatforms) = preSolution
		Debug|Any CPU = Debug|Any CPU
		Release|Any CPU = Release|Any CPU
	EndGlobalSection
	GlobalSection(ProjectConfigurationPlatforms) = postSolution
		{B6E7D6D2-6871-43B4-BD42-B954861EB034}.Debug|Any CPU.ActiveCfg = Debug|Any CPU
		{B6E7D6D2-6871-43B4-BD42-B954861EB034}.Debug|Any CPU.Build.0 = Debug|Any CPU
		{B6E7D6D2-6871-43B4-BD42-B954861EB034}.Release|Any CPU.ActiveCfg = Release|Any CPU
		{B6E7D6D2-6871-43B4-BD42-B954861EB034}.Release|Any CPU.Build.0 = Release|Any CPU
		{3A77D641-9F3F-4782-BDA0-B5D9DC9D1C48}.Debug|Any CPU.ActiveCfg = Debug|Any CPU
		{3A77D641-9F3F-4782-BDA0-B5D9DC9D1C48}.Debug|Any CPU.Build.0 = Debug|Any CPU
		{3A77D641-9F3F-4782-BDA0-B5D9DC9D1C48}.Release|Any CPU.ActiveCfg = Release|Any CPU
		{3A77D641-9F3F-4782-BDA0-B5D9DC9D1C48}.Release|Any CPU.Build.0 = Release|Any CPU
		{58C6D991-F497-45D1-B832-56F55BAAB43E}.Debug|Any CPU.ActiveCfg = Debug|Any CPU
		{58C6D991-F497-45D1-B832-56F55BAAB43E}.Debug|Any CPU.Build.0 = Debug|Any CPU
		{58C6D991-F497-45D1-B832-56F55BAAB43E}.Release|Any CPU.ActiveCfg = Release|Any CPU
		{58C6D991-F497-45D1-B832-56F55BAAB43E}.Release|Any CPU.Build.0 = Release|Any CPU
		{9C07E694-486F-4DD8-BDF3-267E8105BDA4}.Debug|Any CPU.ActiveCfg = Debug|Any CPU
		{9C07E694-486F-4DD8-BDF3-267E8105BDA4}.Debug|Any CPU.Build.0 = Debug|Any CPU
		{9C07E694-486F-4DD8-BDF3-267E8105BDA4}.Release|Any CPU.ActiveCfg = Release|Any CPU
		{9C07E694-486F-4DD8-BDF3-267E8105BDA4}.Release|Any CPU.Build.0 = Release|Any CPU
	EndGlobalSection
	GlobalSection(SolutionProperties) = preSolution
		HideSolutionNode = FALSE
	EndGlobalSection
	GlobalSection(ExtensibilityGlobals) = postSolution
		SolutionGuid = {29714E2F-48F9-4E9C-A43D-236656045376}
	EndGlobalSection
EndGlobal
